
Microsoft Visual Studio Solution File, Format Version 12.00
# Visual Studio Version 16
VisualStudioVersion = 16.0.31702.278
MinimumVisualStudioVersion = 10.0.40219.1
Project("{FAE04EC0-301F-11D3-BF4B-00C04F79EFBC}") = "BinarySemaphore", "BinarySemaphore\BinarySemaphore.csproj", "{8E98410C-70F8-4324-8889-8B92EA8AA9DC}"
EndProject
Global
	GlobalSection(SolutionConfigurationPlatforms) = preSolution
		Debug|Any CPU = Debug|Any CPU
		Release|Any CPU = Release|Any CPU
	EndGlobalSection
	GlobalSection(ProjectConfigurationPlatforms) = postSolution
		{8E98410C-70F8-4324-8889-8B92EA8AA9DC}.Debug|Any CPU.ActiveCfg = Debug|Any CPU
		{8E98410C-70F8-4324-8889-8B92EA8AA9DC}.Debug|Any CPU.Build.0 = Debug|Any CPU
		{8E98410C-70F8-4324-8889-8B92EA8AA9DC}.Release|Any CPU.ActiveCfg = Release|Any CPU
		{8E98410C-70F8-4324-8889-8B92EA8AA9DC}.Release|Any CPU.Build.0 = Release|Any CPU
	EndGlobalSection
	GlobalSection(SolutionProperties) = preSolution
		HideSolutionNode = FALSE
	EndGlobalSection
	GlobalSection(ExtensibilityGlobals) = postSolution
		SolutionGuid = {2E53263B-DD4D-4B52-B507-FD4F52C69FD8}
	EndGlobalSection
EndGlobal
